
Microsoft Visual Studio Solution File, Format Version 12.00
# Visual Studio 15
VisualStudioVersion = 15.0.27130.2020
MinimumVisualStudioVersion = 10.0.40219.1
Project("{9A19103F-16F7-4668-BE54-9A1E7A4F7556}") = "DeskTiny", "DeskTiny\DeskTiny.csproj", "{91627BC5-B7EA-4216-A738-4D6AF505AB55}"
EndProject
Project("{9A19103F-16F7-4668-BE54-9A1E7A4F7556}") = "TestDeskTiny", "TestDeskTiny\TestDeskTiny.csproj", "{07612105-EDE6-4080-A815-C9490BE06128}"
EndProject
Project("{9A19103F-16F7-4668-BE54-9A1E7A4F7556}") = "DTMessenger", "DeskTinyWebApi\DTMessenger.csproj", "{3F45C6EA-02B1-4BFF-81E0-94CF9E48D6A0}"
EndProject
Project("{9A19103F-16F7-4668-BE54-9A1E7A4F7556}") = "DeskTinyFront", "DeskTinyFront\DeskTinyFront.csproj", "{BE604ECA-59B9-4A45-967B-07C49979CD1E}"
EndProject
Global
	GlobalSection(SolutionConfigurationPlatforms) = preSolution
		Debug|Any CPU = Debug|Any CPU
		Release|Any CPU = Release|Any CPU
	EndGlobalSection
	GlobalSection(ProjectConfigurationPlatforms) = postSolution
		{91627BC5-B7EA-4216-A738-4D6AF505AB55}.Debug|Any CPU.ActiveCfg = Debug|Any CPU
		{91627BC5-B7EA-4216-A738-4D6AF505AB55}.Debug|Any CPU.Build.0 = Debug|Any CPU
		{91627BC5-B7EA-4216-A738-4D6AF505AB55}.Release|Any CPU.ActiveCfg = Release|Any CPU
		{91627BC5-B7EA-4216-A738-4D6AF505AB55}.Release|Any CPU.Build.0 = Release|Any CPU
		{07612105-EDE6-4080-A815-C9490BE06128}.Debug|Any CPU.ActiveCfg = Debug|Any CPU
		{07612105-EDE6-4080-A815-C9490BE06128}.Debug|Any CPU.Build.0 = Debug|Any CPU
		{07612105-EDE6-4080-A815-C9490BE06128}.Release|Any CPU.ActiveCfg = Release|Any CPU
		{07612105-EDE6-4080-A815-C9490BE06128}.Release|Any CPU.Build.0 = Release|Any CPU
		{3F45C6EA-02B1-4BFF-81E0-94CF9E48D6A0}.Debug|Any CPU.ActiveCfg = Debug|Any CPU
		{3F45C6EA-02B1-4BFF-81E0-94CF9E48D6A0}.Debug|Any CPU.Build.0 = Debug|Any CPU
		{3F45C6EA-02B1-4BFF-81E0-94CF9E48D6A0}.Release|Any CPU.ActiveCfg = Release|Any CPU
		{3F45C6EA-02B1-4BFF-81E0-94CF9E48D6A0}.Release|Any CPU.Build.0 = Release|Any CPU
		{BE604ECA-59B9-4A45-967B-07C49979CD1E}.Debug|Any CPU.ActiveCfg = Debug|Any CPU
		{BE604ECA-59B9-4A45-967B-07C49979CD1E}.Debug|Any CPU.Build.0 = Debug|Any CPU
		{BE604ECA-59B9-4A45-967B-07C49979CD1E}.Release|Any CPU.ActiveCfg = Release|Any CPU
		{BE604ECA-59B9-4A45-967B-07C49979CD1E}.Release|Any CPU.Build.0 = Release|Any CPU
	EndGlobalSection
	GlobalSection(SolutionProperties) = preSolution
		HideSolutionNode = FALSE
	EndGlobalSection
	GlobalSection(ExtensibilityGlobals) = postSolution
		SolutionGuid = {83D0FD91-4941-4055-923E-E3B8A0E54BC3}
	EndGlobalSection
EndGlobal
