
Microsoft Visual Studio Solution File, Format Version 12.00
# Visual Studio 15
VisualStudioVersion = 15.0.27130.2020
MinimumVisualStudioVersion = 10.0.40219.1
Project("{9A19103F-16F7-4668-BE54-9A1E7A4F7556}") = "Tenderfoot", "Tenderfoot\Tenderfoot.csproj", "{E752A690-A33B-4827-A0BC-2147EA6BD8E6}"
EndProject
Project("{9A19103F-16F7-4668-BE54-9A1E7A4F7556}") = "TenderfootPrayerForum", "TenderfootPrayerForum\TenderfootPrayerForum.csproj", "{B139CAFA-1B09-4FE1-862A-78A6098FD62E}"
EndProject
Project("{FAE04EC0-301F-11D3-BF4B-00C04F79EFBC}") = "TenderfootWebAPI", "TenderfootWebAPI\TenderfootWebAPI.csproj", "{00F13E0C-E030-435E-9C24-6E20A3AE663C}"
EndProject
Global
	GlobalSection(SolutionConfigurationPlatforms) = preSolution
		Debug|Any CPU = Debug|Any CPU
		Release|Any CPU = Release|Any CPU
	EndGlobalSection
	GlobalSection(ProjectConfigurationPlatforms) = postSolution
		{E752A690-A33B-4827-A0BC-2147EA6BD8E6}.Debug|Any CPU.ActiveCfg = Debug|Any CPU
		{E752A690-A33B-4827-A0BC-2147EA6BD8E6}.Debug|Any CPU.Build.0 = Debug|Any CPU
		{E752A690-A33B-4827-A0BC-2147EA6BD8E6}.Release|Any CPU.ActiveCfg = Release|Any CPU
		{E752A690-A33B-4827-A0BC-2147EA6BD8E6}.Release|Any CPU.Build.0 = Release|Any CPU
		{B139CAFA-1B09-4FE1-862A-78A6098FD62E}.Debug|Any CPU.ActiveCfg = Debug|Any CPU
		{B139CAFA-1B09-4FE1-862A-78A6098FD62E}.Debug|Any CPU.Build.0 = Debug|Any CPU
		{B139CAFA-1B09-4FE1-862A-78A6098FD62E}.Release|Any CPU.ActiveCfg = Release|Any CPU
		{B139CAFA-1B09-4FE1-862A-78A6098FD62E}.Release|Any CPU.Build.0 = Release|Any CPU
		{00F13E0C-E030-435E-9C24-6E20A3AE663C}.Debug|Any CPU.ActiveCfg = Debug|Any CPU
		{00F13E0C-E030-435E-9C24-6E20A3AE663C}.Debug|Any CPU.Build.0 = Debug|Any CPU
		{00F13E0C-E030-435E-9C24-6E20A3AE663C}.Release|Any CPU.ActiveCfg = Release|Any CPU
		{00F13E0C-E030-435E-9C24-6E20A3AE663C}.Release|Any CPU.Build.0 = Release|Any CPU
	EndGlobalSection
	GlobalSection(SolutionProperties) = preSolution
		HideSolutionNode = FALSE
	EndGlobalSection
	GlobalSection(ExtensibilityGlobals) = postSolution
		SolutionGuid = {83D0FD91-4941-4055-923E-E3B8A0E54BC3}
	EndGlobalSection
EndGlobal
